
Microsoft Visual Studio Solution File, Format Version 12.00
# Visual Studio Version 17
VisualStudioVersion = 17.14.36109.1
MinimumVisualStudioVersion = 10.0.40219.1
Project("{FAE04EC0-301F-11D3-BF4B-00C04F79EFBC}") = "ChessGame", "ChessGame\ChessGame.csproj", "{2C06C26A-D777-42B2-B856-51159E0E9570}"
EndProject
Project("{FAE04EC0-301F-11D3-BF4B-00C04F79EFBC}") = "ChessUI", "ChessUI\ChessUI.csproj", "{6569A735-A742-4C99-BBB4-6BFFA98C8B78}"
EndProject
Global
	GlobalSection(SolutionConfigurationPlatforms) = preSolution
		Debug|Any CPU = Debug|Any CPU
		Release|Any CPU = Release|Any CPU
	EndGlobalSection
	GlobalSection(ProjectConfigurationPlatforms) = postSolution
		{2C06C26A-D777-42B2-B856-51159E0E9570}.Debug|Any CPU.ActiveCfg = Debug|Any CPU
		{2C06C26A-D777-42B2-B856-51159E0E9570}.Debug|Any CPU.Build.0 = Debug|Any CPU
		{2C06C26A-D777-42B2-B856-51159E0E9570}.Release|Any CPU.ActiveCfg = Release|Any CPU
		{2C06C26A-D777-42B2-B856-51159E0E9570}.Release|Any CPU.Build.0 = Release|Any CPU
		{6569A735-A742-4C99-BBB4-6BFFA98C8B78}.Debug|Any CPU.ActiveCfg = Debug|Any CPU
		{6569A735-A742-4C99-BBB4-6BFFA98C8B78}.Debug|Any CPU.Build.0 = Debug|Any CPU
		{6569A735-A742-4C99-BBB4-6BFFA98C8B78}.Release|Any CPU.ActiveCfg = Release|Any CPU
		{6569A735-A742-4C99-BBB4-6BFFA98C8B78}.Release|Any CPU.Build.0 = Release|Any CPU
	EndGlobalSection
	GlobalSection(SolutionProperties) = preSolution
		HideSolutionNode = FALSE
	EndGlobalSection
	GlobalSection(ExtensibilityGlobals) = postSolution
		SolutionGuid = {DF981D23-2E73-4CCB-BF0B-758F315C076A}
	EndGlobalSection
EndGlobal
